
Microsoft Visual Studio Solution File, Format Version 12.00
# Visual Studio Version 17
VisualStudioVersion = 17.6.33829.357
MinimumVisualStudioVersion = 10.0.40219.1
Project("{9A19103F-16F7-4668-BE54-9A1E7A4F7556}") = "AutoBroadcast", "AutoBroadcast.csproj", "{BC47880D-0467-43EA-9E48-9B4C4F122EF7}"
EndProject
Global
	GlobalSection(SolutionConfigurationPlatforms) = preSolution
		Debug|Any CPU = Debug|Any CPU
		Release|Any CPU = Release|Any CPU
	EndGlobalSection
	GlobalSection(ProjectConfigurationPlatforms) = postSolution
		{BC47880D-0467-43EA-9E48-9B4C4F122EF7}.Debug|Any CPU.ActiveCfg = Debug|Any CPU
		{BC47880D-0467-43EA-9E48-9B4C4F122EF7}.Debug|Any CPU.Build.0 = Debug|Any CPU
		{BC47880D-0467-43EA-9E48-9B4C4F122EF7}.Release|Any CPU.ActiveCfg = Release|Any CPU
		{BC47880D-0467-43EA-9E48-9B4C4F122EF7}.Release|Any CPU.Build.0 = Release|Any CPU
	EndGlobalSection
	GlobalSection(SolutionProperties) = preSolution
		HideSolutionNode = FALSE
	EndGlobalSection
	GlobalSection(ExtensibilityGlobals) = postSolution
		SolutionGuid = {CE2DA16C-A405-484A-98ED-A4BB587D2B02}
	EndGlobalSection
EndGlobal
